
Microsoft Visual Studio Solution File, Format Version 12.00
# Visual Studio Version 17
VisualStudioVersion = 17.8.34316.72
MinimumVisualStudioVersion = 10.0.40219.1
Project("{9A19103F-16F7-4668-BE54-9A1E7A4F7556}") = "TaskManagement.Domain", "TaskManagement.Domain\TaskManagement.Domain.csproj", "{AE627831-02AE-4EBA-BAA9-F80FB63D64E6}"
EndProject
Project("{9A19103F-16F7-4668-BE54-9A1E7A4F7556}") = "TaskManagement.Infrastructure", "TaskManagement.Infrastructure\TaskManagement.Infrastructure.csproj", "{4633F6F1-24A6-4CBE-A4F3-E0AE0D736EC6}"
EndProject
Project("{9A19103F-16F7-4668-BE54-9A1E7A4F7556}") = "TaskManagement.API", "TaskManagement.API\TaskManagement.API.csproj", "{0C43F9EF-DB06-46CB-87B9-7DAE36C53F14}"
EndProject
Project("{9A19103F-16F7-4668-BE54-9A1E7A4F7556}") = "TaskManagement.Application", "TaskManagement.Application\TaskManagement.Application.csproj", "{5E6E6A00-22B0-41AB-BD5F-1F77E507C693}"
EndProject
Project("{E53339B2-1760-4266-BCC7-CA923CBCF16C}") = "docker-compose", "docker-compose.dcproj", "{C9488E5B-E053-4FAD-B9E1-08906E6B1B55}"
EndProject
Project("{FAE04EC0-301F-11D3-BF4B-00C04F79EFBC}") = "TaskManagement.Infrastracture.Test", "TaskManagement.Infrastracture.Test\TaskManagement.Infrastracture.Test.csproj", "{65BAFCA3-4EE0-49B7-9205-5CC0485DDE4C}"
EndProject
Global
	GlobalSection(SolutionConfigurationPlatforms) = preSolution
		Debug|Any CPU = Debug|Any CPU
		Release|Any CPU = Release|Any CPU
	EndGlobalSection
	GlobalSection(ProjectConfigurationPlatforms) = postSolution
		{AE627831-02AE-4EBA-BAA9-F80FB63D64E6}.Debug|Any CPU.ActiveCfg = Debug|Any CPU
		{AE627831-02AE-4EBA-BAA9-F80FB63D64E6}.Debug|Any CPU.Build.0 = Debug|Any CPU
		{AE627831-02AE-4EBA-BAA9-F80FB63D64E6}.Release|Any CPU.ActiveCfg = Release|Any CPU
		{AE627831-02AE-4EBA-BAA9-F80FB63D64E6}.Release|Any CPU.Build.0 = Release|Any CPU
		{4633F6F1-24A6-4CBE-A4F3-E0AE0D736EC6}.Debug|Any CPU.ActiveCfg = Debug|Any CPU
		{4633F6F1-24A6-4CBE-A4F3-E0AE0D736EC6}.Debug|Any CPU.Build.0 = Debug|Any CPU
		{4633F6F1-24A6-4CBE-A4F3-E0AE0D736EC6}.Release|Any CPU.ActiveCfg = Release|Any CPU
		{4633F6F1-24A6-4CBE-A4F3-E0AE0D736EC6}.Release|Any CPU.Build.0 = Release|Any CPU
		{0C43F9EF-DB06-46CB-87B9-7DAE36C53F14}.Debug|Any CPU.ActiveCfg = Debug|Any CPU
		{0C43F9EF-DB06-46CB-87B9-7DAE36C53F14}.Debug|Any CPU.Build.0 = Debug|Any CPU
		{0C43F9EF-DB06-46CB-87B9-7DAE36C53F14}.Release|Any CPU.ActiveCfg = Release|Any CPU
		{0C43F9EF-DB06-46CB-87B9-7DAE36C53F14}.Release|Any CPU.Build.0 = Release|Any CPU
		{5E6E6A00-22B0-41AB-BD5F-1F77E507C693}.Debug|Any CPU.ActiveCfg = Debug|Any CPU
		{5E6E6A00-22B0-41AB-BD5F-1F77E507C693}.Debug|Any CPU.Build.0 = Debug|Any CPU
		{5E6E6A00-22B0-41AB-BD5F-1F77E507C693}.Release|Any CPU.ActiveCfg = Release|Any CPU
		{5E6E6A00-22B0-41AB-BD5F-1F77E507C693}.Release|Any CPU.Build.0 = Release|Any CPU
		{C9488E5B-E053-4FAD-B9E1-08906E6B1B55}.Debug|Any CPU.ActiveCfg = Debug|Any CPU
		{C9488E5B-E053-4FAD-B9E1-08906E6B1B55}.Debug|Any CPU.Build.0 = Debug|Any CPU
		{C9488E5B-E053-4FAD-B9E1-08906E6B1B55}.Release|Any CPU.ActiveCfg = Release|Any CPU
		{C9488E5B-E053-4FAD-B9E1-08906E6B1B55}.Release|Any CPU.Build.0 = Release|Any CPU
		{65BAFCA3-4EE0-49B7-9205-5CC0485DDE4C}.Debug|Any CPU.ActiveCfg = Debug|Any CPU
		{65BAFCA3-4EE0-49B7-9205-5CC0485DDE4C}.Debug|Any CPU.Build.0 = Debug|Any CPU
		{65BAFCA3-4EE0-49B7-9205-5CC0485DDE4C}.Release|Any CPU.ActiveCfg = Release|Any CPU
		{65BAFCA3-4EE0-49B7-9205-5CC0485DDE4C}.Release|Any CPU.Build.0 = Release|Any CPU
	EndGlobalSection
	GlobalSection(SolutionProperties) = preSolution
		HideSolutionNode = FALSE
	EndGlobalSection
	GlobalSection(ExtensibilityGlobals) = postSolution
		SolutionGuid = {20A4399C-E792-4D86-9D42-C8EF777197B4}
	EndGlobalSection
EndGlobal
